
Microsoft Visual Studio Solution File, Format Version 12.00
# Visual Studio 2017
Project("{FAE04EC0-301F-11D3-BF4B-00C04F79EFBC}") = "Power Up", "Power Up.csproj", "{5E94BBD6-B7E8-A973-51D8-22A9E9CF5F46}"
EndProject
Project("{FAE04EC0-301F-11D3-BF4B-00C04F79EFBC}") = "Power Up.Editor", "Power Up.Editor.csproj", "{DE7BD95E-A87C-6115-43A0-9CE093FF0E41}"
EndProject
Global
	GlobalSection(SolutionConfigurationPlatforms) = preSolution
		Debug|Any CPU = Debug|Any CPU
		Release|Any CPU = Release|Any CPU
	EndGlobalSection
	GlobalSection(ProjectConfigurationPlatforms) = postSolution
		{5E94BBD6-B7E8-A973-51D8-22A9E9CF5F46}.Debug|Any CPU.ActiveCfg = Debug|Any CPU
		{5E94BBD6-B7E8-A973-51D8-22A9E9CF5F46}.Debug|Any CPU.Build.0 = Debug|Any CPU
		{5E94BBD6-B7E8-A973-51D8-22A9E9CF5F46}.Release|Any CPU.ActiveCfg = Release|Any CPU
		{5E94BBD6-B7E8-A973-51D8-22A9E9CF5F46}.Release|Any CPU.Build.0 = Release|Any CPU
		{DE7BD95E-A87C-6115-43A0-9CE093FF0E41}.Debug|Any CPU.ActiveCfg = Debug|Any CPU
		{DE7BD95E-A87C-6115-43A0-9CE093FF0E41}.Debug|Any CPU.Build.0 = Debug|Any CPU
		{DE7BD95E-A87C-6115-43A0-9CE093FF0E41}.Release|Any CPU.ActiveCfg = Release|Any CPU
		{DE7BD95E-A87C-6115-43A0-9CE093FF0E41}.Release|Any CPU.Build.0 = Release|Any CPU
	EndGlobalSection
	GlobalSection(SolutionProperties) = preSolution
		HideSolutionNode = FALSE
	EndGlobalSection
EndGlobal
